// !$*UTF8*$!
{
	archiveVersion = 1;
	classes = {
	};
	objectVersion = 50;
	objects = {

/* Begin PBXBuildFile section */
		7A3F1D0F24EBCE6B003E5780 /* ZKRichTextTextModel.m in Sources */ = {isa = PBXBuildFile; fileRef = 7A3F1D0E24EBCE6B003E5780 /* ZKRichTextTextModel.m */; };
		7A3F1D1224EBCE81003E5780 /* ZKRichTextImageModel.m in Sources */ = {isa = PBXBuildFile; fileRef = 7A3F1D1124EBCE81003E5780 /* ZKRichTextImageModel.m */; };
		7A3F1D1524EBCE91003E5780 /* ZKRichTextVideoModel.m in Sources */ = {isa = PBXBuildFile; fileRef = 7A3F1D1424EBCE91003E5780 /* ZKRichTextVideoModel.m */; };
		7A3F1D1E24EBD87A003E5780 /* ZKRichTextEditorConfiguration.m in Sources */ = {isa = PBXBuildFile; fileRef = 7A3F1D1D24EBD87A003E5780 /* ZKRichTextEditorConfiguration.m */; };
		7A3F1D2124EBD894003E5780 /* ZKRichTextContentManager.m in Sources */ = {isa = PBXBuildFile; fileRef = 7A3F1D2024EBD894003E5780 /* ZKRichTextContentManager.m */; };
		7A9C86FE24C5917D0066C229 /* UITableView+ZKUpdates.m in Sources */ = {isa = PBXBuildFile; fileRef = 7A9C86FD24C5917D0066C229 /* UITableView+ZKUpdates.m */; };
		7AA3653224C4A39B001C188B /* ZKRichTextCell.m in Sources */ = {isa = PBXBuildFile; fileRef = 7AA3653124C4A39B001C188B /* ZKRichTextCell.m */; };
		7AA3653824C4A3EE001C188B /* ZKRichTextNode.m in Sources */ = {isa = PBXBuildFile; fileRef = 7AA3653724C4A3EE001C188B /* ZKRichTextNode.m */; };
		7AA3653B24C4A60C001C188B /* ZKRichTextTextNode.m in Sources */ = {isa = PBXBuildFile; fileRef = 7AA3653A24C4A60C001C188B /* ZKRichTextTextNode.m */; };
		7AA3653E24C4A61C001C188B /* ZKRichTextImageNode.m in Sources */ = {isa = PBXBuildFile; fileRef = 7AA3653D24C4A61C001C188B /* ZKRichTextImageNode.m */; };
		7AA3654124C4A628001C188B /* ZKRichTextVideoNode.m in Sources */ = {isa = PBXBuildFile; fileRef = 7AA3654024C4A628001C188B /* ZKRichTextVideoNode.m */; };
		7AA3654424C4A930001C188B /* ZKRichTextHelper.m in Sources */ = {isa = PBXBuildFile; fileRef = 7AA3654324C4A930001C188B /* ZKRichTextHelper.m */; };
		7AC1ECED24BF4D3A002867ED /* AppDelegate.m in Sources */ = {isa = PBXBuildFile; fileRef = 7AC1ECEC24BF4D3A002867ED /* AppDelegate.m */; };
		7AC1ECF324BF4D3A002867ED /* ViewController.m in Sources */ = {isa = PBXBuildFile; fileRef = 7AC1ECF224BF4D3A002867ED /* ViewController.m */; };
		7AC1ECF624BF4D3A002867ED /* Main.storyboard in Resources */ = {isa = PBXBuildFile; fileRef = 7AC1ECF424BF4D3A002867ED /* Main.storyboard */; };
		7AC1ECF824BF4D3B002867ED /* Assets.xcassets in Resources */ = {isa = PBXBuildFile; fileRef = 7AC1ECF724BF4D3B002867ED /* Assets.xcassets */; };
		7AC1ECFB24BF4D3B002867ED /* LaunchScreen.storyboard in Resources */ = {isa = PBXBuildFile; fileRef = 7AC1ECF924BF4D3B002867ED /* LaunchScreen.storyboard */; };
		7AC1ECFE24BF4D3B002867ED /* main.m in Sources */ = {isa = PBXBuildFile; fileRef = 7AC1ECFD24BF4D3B002867ED /* main.m */; };
		7AC1ED0824BF4D3B002867ED /* ZKRichTextEditorExampleTests.m in Sources */ = {isa = PBXBuildFile; fileRef = 7AC1ED0724BF4D3B002867ED /* ZKRichTextEditorExampleTests.m */; };
		7AC1ED1324BF4D3B002867ED /* ZKRichTextEditorExampleUITests.m in Sources */ = {isa = PBXBuildFile; fileRef = 7AC1ED1224BF4D3B002867ED /* ZKRichTextEditorExampleUITests.m */; };
		7AC1ED2524BF4F38002867ED /* NSObject+ZKSwizzling.m in Sources */ = {isa = PBXBuildFile; fileRef = 7AC1ED2424BF4F38002867ED /* NSObject+ZKSwizzling.m */; };
		7AC1ED2824BF50A1002867ED /* ZKSignal.m in Sources */ = {isa = PBXBuildFile; fileRef = 7AC1ED2724BF50A1002867ED /* ZKSignal.m */; };
		7AC1ED2C24BF50F3002867ED /* ZKObserveCenter.m in Sources */ = {isa = PBXBuildFile; fileRef = 7AC1ED2B24BF50F3002867ED /* ZKObserveCenter.m */; };
		7AC1ED2F24BF5FEB002867ED /* NSObject+ZKSending.m in Sources */ = {isa = PBXBuildFile; fileRef = 7AC1ED2E24BF5FEB002867ED /* NSObject+ZKSending.m */; };
		7AC1ED3224BF6105002867ED /* ZKBindCenter.m in Sources */ = {isa = PBXBuildFile; fileRef = 7AC1ED3124BF6105002867ED /* ZKBindCenter.m */; };
		7AC1ED3824BF61F2002867ED /* ZKBindProxy.m in Sources */ = {isa = PBXBuildFile; fileRef = 7AC1ED3724BF61F2002867ED /* ZKBindProxy.m */; };
		7AC1ED3D24BF7323002867ED /* UIControl+ZKSignal.m in Sources */ = {isa = PBXBuildFile; fileRef = 7AC1ED3C24BF7323002867ED /* UIControl+ZKSignal.m */; };
		7AC1ED4324BF73B0002867ED /* UIButton+ZKSignal.m in Sources */ = {isa = PBXBuildFile; fileRef = 7AC1ED4224BF73B0002867ED /* UIButton+ZKSignal.m */; };
		7AC1ED4624BF7401002867ED /* UITextField+ZKSignal.m in Sources */ = {isa = PBXBuildFile; fileRef = 7AC1ED4524BF7401002867ED /* UITextField+ZKSignal.m */; };
		7AC1ED4924BF7465002867ED /* UIRefreshControl+ZKSignal.m in Sources */ = {isa = PBXBuildFile; fileRef = 7AC1ED4824BF7465002867ED /* UIRefreshControl+ZKSignal.m */; };
		7AC1ED4F24BF7994002867ED /* ZKTextView.m in Sources */ = {isa = PBXBuildFile; fileRef = 7AC1ED4E24BF7994002867ED /* ZKTextView.m */; };
/* End PBXBuildFile section */

/* Begin PBXContainerItemProxy section */
		7AC1ED0424BF4D3B002867ED /* PBXContainerItemProxy */ = {
			isa = PBXContainerItemProxy;
			containerPortal = 7AC1ECE024BF4D3A002867ED /* Project object */;
			proxyType = 1;
			remoteGlobalIDString = 7AC1ECE724BF4D3A002867ED;
			remoteInfo = ZKRichTextEditorExample;
		};
		7AC1ED0F24BF4D3B002867ED /* PBXContainerItemProxy */ = {
			isa = PBXContainerItemProxy;
			containerPortal = 7AC1ECE024BF4D3A002867ED /* Project object */;
			proxyType = 1;
			remoteGlobalIDString = 7AC1ECE724BF4D3A002867ED;
			remoteInfo = ZKRichTextEditorExample;
		};
/* End PBXContainerItemProxy section */

/* Begin PBXFileReference section */
		7A3F1D0D24EBCE6B003E5780 /* ZKRichTextTextModel.h */ = {isa = PBXFileReference; lastKnownFileType = sourcecode.c.h; path = ZKRichTextTextModel.h; sourceTree = "<group>"; };
		7A3F1D0E24EBCE6B003E5780 /* ZKRichTextTextModel.m */ = {isa = PBXFileReference; lastKnownFileType = sourcecode.c.objc; path = ZKRichTextTextModel.m; sourceTree = "<group>"; };
		7A3F1D1024EBCE81003E5780 /* ZKRichTextImageModel.h */ = {isa = PBXFileReference; lastKnownFileType = sourcecode.c.h; path = ZKRichTextImageModel.h; sourceTree = "<group>"; };
		7A3F1D1124EBCE81003E5780 /* ZKRichTextImageModel.m */ = {isa = PBXFileReference; lastKnownFileType = sourcecode.c.objc; path = ZKRichTextImageModel.m; sourceTree = "<group>"; };
		7A3F1D1324EBCE91003E5780 /* ZKRichTextVideoModel.h */ = {isa = PBXFileReference; lastKnownFileType = sourcecode.c.h; path = ZKRichTextVideoModel.h; sourceTree = "<group>"; };
		7A3F1D1424EBCE91003E5780 /* ZKRichTextVideoModel.m */ = {isa = PBXFileReference; lastKnownFileType = sourcecode.c.objc; path = ZKRichTextVideoModel.m; sourceTree = "<group>"; };
		7A3F1D1C24EBD87A003E5780 /* ZKRichTextEditorConfiguration.h */ = {isa = PBXFileReference; lastKnownFileType = sourcecode.c.h; path = ZKRichTextEditorConfiguration.h; sourceTree = "<group>"; };
		7A3F1D1D24EBD87A003E5780 /* ZKRichTextEditorConfiguration.m */ = {isa = PBXFileReference; lastKnownFileType = sourcecode.c.objc; path = ZKRichTextEditorConfiguration.m; sourceTree = "<group>"; };
		7A3F1D1F24EBD894003E5780 /* ZKRichTextContentManager.h */ = {isa = PBXFileReference; lastKnownFileType = sourcecode.c.h; path = ZKRichTextContentManager.h; sourceTree = "<group>"; };
		7A3F1D2024EBD894003E5780 /* ZKRichTextContentManager.m */ = {isa = PBXFileReference; lastKnownFileType = sourcecode.c.objc; path = ZKRichTextContentManager.m; sourceTree = "<group>"; };
		7A439C7024C372FA005E8FD0 /* ZKRichTextDefines.h */ = {isa = PBXFileReference; lastKnownFileType = sourcecode.c.h; path = ZKRichTextDefines.h; sourceTree = "<group>"; };
		7A64F7EE24EBC7A50023AD9E /* ZKRichTextModel.h */ = {isa = PBXFileReference; lastKnownFileType = sourcecode.c.h; path = ZKRichTextModel.h; sourceTree = "<group>"; };
		7A9C86FC24C5917D0066C229 /* UITableView+ZKUpdates.h */ = {isa = PBXFileReference; lastKnownFileType = sourcecode.c.h; path = "UITableView+ZKUpdates.h"; sourceTree = "<group>"; };
		7A9C86FD24C5917D0066C229 /* UITableView+ZKUpdates.m */ = {isa = PBXFileReference; lastKnownFileType = sourcecode.c.objc; path = "UITableView+ZKUpdates.m"; sourceTree = "<group>"; };
		7AA3653024C4A39B001C188B /* ZKRichTextCell.h */ = {isa = PBXFileReference; lastKnownFileType = sourcecode.c.h; path = ZKRichTextCell.h; sourceTree = "<group>"; };
		7AA3653124C4A39B001C188B /* ZKRichTextCell.m */ = {isa = PBXFileReference; lastKnownFileType = sourcecode.c.objc; path = ZKRichTextCell.m; sourceTree = "<group>"; };
		7AA3653624C4A3EE001C188B /* ZKRichTextNode.h */ = {isa = PBXFileReference; lastKnownFileType = sourcecode.c.h; path = ZKRichTextNode.h; sourceTree = "<group>"; };
		7AA3653724C4A3EE001C188B /* ZKRichTextNode.m */ = {isa = PBXFileReference; lastKnownFileType = sourcecode.c.objc; path = ZKRichTextNode.m; sourceTree = "<group>"; };
		7AA3653924C4A60C001C188B /* ZKRichTextTextNode.h */ = {isa = PBXFileReference; lastKnownFileType = sourcecode.c.h; path = ZKRichTextTextNode.h; sourceTree = "<group>"; };
		7AA3653A24C4A60C001C188B /* ZKRichTextTextNode.m */ = {isa = PBXFileReference; lastKnownFileType = sourcecode.c.objc; path = ZKRichTextTextNode.m; sourceTree = "<group>"; };
		7AA3653C24C4A61C001C188B /* ZKRichTextImageNode.h */ = {isa = PBXFileReference; lastKnownFileType = sourcecode.c.h; path = ZKRichTextImageNode.h; sourceTree = "<group>"; };
		7AA3653D24C4A61C001C188B /* ZKRichTextImageNode.m */ = {isa = PBXFileReference; lastKnownFileType = sourcecode.c.objc; path = ZKRichTextImageNode.m; sourceTree = "<group>"; };
		7AA3653F24C4A628001C188B /* ZKRichTextVideoNode.h */ = {isa = PBXFileReference; lastKnownFileType = sourcecode.c.h; path = ZKRichTextVideoNode.h; sourceTree = "<group>"; };
		7AA3654024C4A628001C188B /* ZKRichTextVideoNode.m */ = {isa = PBXFileReference; lastKnownFileType = sourcecode.c.objc; path = ZKRichTextVideoNode.m; sourceTree = "<group>"; };
		7AA3654224C4A930001C188B /* ZKRichTextHelper.h */ = {isa = PBXFileReference; lastKnownFileType = sourcecode.c.h; path = ZKRichTextHelper.h; sourceTree = "<group>"; };
		7AA3654324C4A930001C188B /* ZKRichTextHelper.m */ = {isa = PBXFileReference; lastKnownFileType = sourcecode.c.objc; path = ZKRichTextHelper.m; sourceTree = "<group>"; };
		7AC1ECE824BF4D3A002867ED /* ZKRichTextEditorExample.app */ = {isa = PBXFileReference; explicitFileType = wrapper.application; includeInIndex = 0; path = ZKRichTextEditorExample.app; sourceTree = BUILT_PRODUCTS_DIR; };
		7AC1ECEB24BF4D3A002867ED /* AppDelegate.h */ = {isa = PBXFileReference; lastKnownFileType = sourcecode.c.h; path = AppDelegate.h; sourceTree = "<group>"; };
		7AC1ECEC24BF4D3A002867ED /* AppDelegate.m */ = {isa = PBXFileReference; lastKnownFileType = sourcecode.c.objc; path = AppDelegate.m; sourceTree = "<group>"; };
		7AC1ECF124BF4D3A002867ED /* ViewController.h */ = {isa = PBXFileReference; lastKnownFileType = sourcecode.c.h; path = ViewController.h; sourceTree = "<group>"; };
		7AC1ECF224BF4D3A002867ED /* ViewController.m */ = {isa = PBXFileReference; lastKnownFileType = sourcecode.c.objc; path = ViewController.m; sourceTree = "<group>"; };
		7AC1ECF524BF4D3A002867ED /* Base */ = {isa = PBXFileReference; lastKnownFileType = file.storyboard; name = Base; path = Base.lproj/Main.storyboard; sourceTree = "<group>"; };
		7AC1ECF724BF4D3B002867ED /* Assets.xcassets */ = {isa = PBXFileReference; lastKnownFileType = folder.assetcatalog; path = Assets.xcassets; sourceTree = "<group>"; };
		7AC1ECFA24BF4D3B002867ED /* Base */ = {isa = PBXFileReference; lastKnownFileType = file.storyboard; name = Base; path = Base.lproj/LaunchScreen.storyboard; sourceTree = "<group>"; };
		7AC1ECFC24BF4D3B002867ED /* Info.plist */ = {isa = PBXFileReference; lastKnownFileType = text.plist.xml; path = Info.plist; sourceTree = "<group>"; };
		7AC1ECFD24BF4D3B002867ED /* main.m */ = {isa = PBXFileReference; lastKnownFileType = sourcecode.c.objc; path = main.m; sourceTree = "<group>"; };
		7AC1ED0324BF4D3B002867ED /* ZKRichTextEditorExampleTests.xctest */ = {isa = PBXFileReference; explicitFileType = wrapper.cfbundle; includeInIndex = 0; path = ZKRichTextEditorExampleTests.xctest; sourceTree = BUILT_PRODUCTS_DIR; };
		7AC1ED0724BF4D3B002867ED /* ZKRichTextEditorExampleTests.m */ = {isa = PBXFileReference; lastKnownFileType = sourcecode.c.objc; path = ZKRichTextEditorExampleTests.m; sourceTree = "<group>"; };
		7AC1ED0924BF4D3B002867ED /* Info.plist */ = {isa = PBXFileReference; lastKnownFileType = text.plist.xml; path = Info.plist; sourceTree = "<group>"; };
		7AC1ED0E24BF4D3B002867ED /* ZKRichTextEditorExampleUITests.xctest */ = {isa = PBXFileReference; explicitFileType = wrapper.cfbundle; includeInIndex = 0; path = ZKRichTextEditorExampleUITests.xctest; sourceTree = BUILT_PRODUCTS_DIR; };
		7AC1ED1224BF4D3B002867ED /* ZKRichTextEditorExampleUITests.m */ = {isa = PBXFileReference; lastKnownFileType = sourcecode.c.objc; path = ZKRichTextEditorExampleUITests.m; sourceTree = "<group>"; };
		7AC1ED1424BF4D3B002867ED /* Info.plist */ = {isa = PBXFileReference; lastKnownFileType = text.plist.xml; path = Info.plist; sourceTree = "<group>"; };
		7AC1ED2124BF4D94002867ED /* ZKBinder.h */ = {isa = PBXFileReference; lastKnownFileType = sourcecode.c.h; path = ZKBinder.h; sourceTree = "<group>"; };
		7AC1ED2324BF4F38002867ED /* NSObject+ZKSwizzling.h */ = {isa = PBXFileReference; lastKnownFileType = sourcecode.c.h; path = "NSObject+ZKSwizzling.h"; sourceTree = "<group>"; };
		7AC1ED2424BF4F38002867ED /* NSObject+ZKSwizzling.m */ = {isa = PBXFileReference; lastKnownFileType = sourcecode.c.objc; path = "NSObject+ZKSwizzling.m"; sourceTree = "<group>"; };
		7AC1ED2624BF50A1002867ED /* ZKSignal.h */ = {isa = PBXFileReference; lastKnownFileType = sourcecode.c.h; path = ZKSignal.h; sourceTree = "<group>"; };
		7AC1ED2724BF50A1002867ED /* ZKSignal.m */ = {isa = PBXFileReference; lastKnownFileType = sourcecode.c.objc; path = ZKSignal.m; sourceTree = "<group>"; };
		7AC1ED2924BF50BF002867ED /* ZKMacros.h */ = {isa = PBXFileReference; lastKnownFileType = sourcecode.c.h; path = ZKMacros.h; sourceTree = "<group>"; };
		7AC1ED2A24BF50F3002867ED /* ZKObserveCenter.h */ = {isa = PBXFileReference; lastKnownFileType = sourcecode.c.h; path = ZKObserveCenter.h; sourceTree = "<group>"; };
		7AC1ED2B24BF50F3002867ED /* ZKObserveCenter.m */ = {isa = PBXFileReference; lastKnownFileType = sourcecode.c.objc; path = ZKObserveCenter.m; sourceTree = "<group>"; };
		7AC1ED2D24BF5FEB002867ED /* NSObject+ZKSending.h */ = {isa = PBXFileReference; lastKnownFileType = sourcecode.c.h; path = "NSObject+ZKSending.h"; sourceTree = "<group>"; };
		7AC1ED2E24BF5FEB002867ED /* NSObject+ZKSending.m */ = {isa = PBXFileReference; lastKnownFileType = sourcecode.c.objc; path = "NSObject+ZKSending.m"; sourceTree = "<group>"; };
		7AC1ED3024BF6105002867ED /* ZKBindCenter.h */ = {isa = PBXFileReference; lastKnownFileType = sourcecode.c.h; path = ZKBindCenter.h; sourceTree = "<group>"; };
		7AC1ED3124BF6105002867ED /* ZKBindCenter.m */ = {isa = PBXFileReference; lastKnownFileType = sourcecode.c.objc; path = ZKBindCenter.m; sourceTree = "<group>"; };
		7AC1ED3624BF61F2002867ED /* ZKBindProxy.h */ = {isa = PBXFileReference; lastKnownFileType = sourcecode.c.h; path = ZKBindProxy.h; sourceTree = "<group>"; };
		7AC1ED3724BF61F2002867ED /* ZKBindProxy.m */ = {isa = PBXFileReference; lastKnownFileType = sourcecode.c.objc; path = ZKBindProxy.m; sourceTree = "<group>"; };
		7AC1ED3B24BF7323002867ED /* UIControl+ZKSignal.h */ = {isa = PBXFileReference; lastKnownFileType = sourcecode.c.h; path = "UIControl+ZKSignal.h"; sourceTree = "<group>"; };
		7AC1ED3C24BF7323002867ED /* UIControl+ZKSignal.m */ = {isa = PBXFileReference; lastKnownFileType = sourcecode.c.objc; path = "UIControl+ZKSignal.m"; sourceTree = "<group>"; };
		7AC1ED4124BF73B0002867ED /* UIButton+ZKSignal.h */ = {isa = PBXFileReference; lastKnownFileType = sourcecode.c.h; path = "UIButton+ZKSignal.h"; sourceTree = "<group>"; };
		7AC1ED4224BF73B0002867ED /* UIButton+ZKSignal.m */ = {isa = PBXFileReference; lastKnownFileType = sourcecode.c.objc; path = "UIButton+ZKSignal.m"; sourceTree = "<group>"; };
		7AC1ED4424BF7400002867ED /* UITextField+ZKSignal.h */ = {isa = PBXFileReference; lastKnownFileType = sourcecode.c.h; path = "UITextField+ZKSignal.h"; sourceTree = "<group>"; };
		7AC1ED4524BF7401002867ED /* UITextField+ZKSignal.m */ = {isa = PBXFileReference; lastKnownFileType = sourcecode.c.objc; path = "UITextField+ZKSignal.m"; sourceTree = "<group>"; };
		7AC1ED4724BF7465002867ED /* UIRefreshControl+ZKSignal.h */ = {isa = PBXFileReference; lastKnownFileType = sourcecode.c.h; path = "UIRefreshControl+ZKSignal.h"; sourceTree = "<group>"; };
		7AC1ED4824BF7465002867ED /* UIRefreshControl+ZKSignal.m */ = {isa = PBXFileReference; lastKnownFileType = sourcecode.c.objc; path = "UIRefreshControl+ZKSignal.m"; sourceTree = "<group>"; };
		7AC1ED4C24BF7901002867ED /* ZKRichTextEditor.h */ = {isa = PBXFileReference; lastKnownFileType = sourcecode.c.h; path = ZKRichTextEditor.h; sourceTree = "<group>"; };
		7AC1ED4D24BF7994002867ED /* ZKTextView.h */ = {isa = PBXFileReference; lastKnownFileType = sourcecode.c.h; path = ZKTextView.h; sourceTree = "<group>"; };
		7AC1ED4E24BF7994002867ED /* ZKTextView.m */ = {isa = PBXFileReference; lastKnownFileType = sourcecode.c.objc; path = ZKTextView.m; sourceTree = "<group>"; };
/* End PBXFileReference section */

/* Begin PBXFrameworksBuildPhase section */
		7AC1ECE524BF4D3A002867ED /* Frameworks */ = {
			isa = PBXFrameworksBuildPhase;
			buildActionMask = 2147483647;
			files = (
			);
			runOnlyForDeploymentPostprocessing = 0;
		};
		7AC1ED0024BF4D3B002867ED /* Frameworks */ = {
			isa = PBXFrameworksBuildPhase;
			buildActionMask = 2147483647;
			files = (
			);
			runOnlyForDeploymentPostprocessing = 0;
		};
		7AC1ED0B24BF4D3B002867ED /* Frameworks */ = {
			isa = PBXFrameworksBuildPhase;
			buildActionMask = 2147483647;
			files = (
			);
			runOnlyForDeploymentPostprocessing = 0;
		};
/* End PBXFrameworksBuildPhase section */

/* Begin PBXGroup section */
		7A3F1D1624EBD784003E5780 /* Controller */ = {
			isa = PBXGroup;
			children = (
			);
			path = Controller;
			sourceTree = "<group>";
		};
		7A3F1D1724EBD7CB003E5780 /* Manager */ = {
			isa = PBXGroup;
			children = (
				7A3F1D1F24EBD894003E5780 /* ZKRichTextContentManager.h */,
				7A3F1D2024EBD894003E5780 /* ZKRichTextContentManager.m */,
			);
			path = Manager;
			sourceTree = "<group>";
		};
		7A3F1D1824EBD803003E5780 /* Configuration */ = {
			isa = PBXGroup;
			children = (
				7A3F1D1C24EBD87A003E5780 /* ZKRichTextEditorConfiguration.h */,
				7A3F1D1D24EBD87A003E5780 /* ZKRichTextEditorConfiguration.m */,
			);
			path = Configuration;
			sourceTree = "<group>";
		};
		7A9D115724EBC4110041C47E /* Model */ = {
			isa = PBXGroup;
			children = (
				7A64F7EE24EBC7A50023AD9E /* ZKRichTextModel.h */,
				7A3F1D0D24EBCE6B003E5780 /* ZKRichTextTextModel.h */,
				7A3F1D0E24EBCE6B003E5780 /* ZKRichTextTextModel.m */,
				7A3F1D1024EBCE81003E5780 /* ZKRichTextImageModel.h */,
				7A3F1D1124EBCE81003E5780 /* ZKRichTextImageModel.m */,
				7A3F1D1324EBCE91003E5780 /* ZKRichTextVideoModel.h */,
				7A3F1D1424EBCE91003E5780 /* ZKRichTextVideoModel.m */,
			);
			path = Model;
			sourceTree = "<group>";
		};
		7AA3652B24C4A09A001C188B /* Node */ = {
			isa = PBXGroup;
			children = (
				7AA3653624C4A3EE001C188B /* ZKRichTextNode.h */,
				7AA3653724C4A3EE001C188B /* ZKRichTextNode.m */,
				7AA3653924C4A60C001C188B /* ZKRichTextTextNode.h */,
				7AA3653A24C4A60C001C188B /* ZKRichTextTextNode.m */,
				7AA3653C24C4A61C001C188B /* ZKRichTextImageNode.h */,
				7AA3653D24C4A61C001C188B /* ZKRichTextImageNode.m */,
				7AA3653F24C4A628001C188B /* ZKRichTextVideoNode.h */,
				7AA3654024C4A628001C188B /* ZKRichTextVideoNode.m */,
			);
			path = Node;
			sourceTree = "<group>";
		};
		7AA3652F24C4A321001C188B /* Cell */ = {
			isa = PBXGroup;
			children = (
				7AA3653024C4A39B001C188B /* ZKRichTextCell.h */,
				7AA3653124C4A39B001C188B /* ZKRichTextCell.m */,
			);
			path = Cell;
			sourceTree = "<group>";
		};
		7AC1ECDF24BF4D3A002867ED = {
			isa = PBXGroup;
			children = (
				7AC1ECEA24BF4D3A002867ED /* ZKRichTextEditorExample */,
				7AC1ED0624BF4D3B002867ED /* ZKRichTextEditorExampleTests */,
				7AC1ED1124BF4D3B002867ED /* ZKRichTextEditorExampleUITests */,
				7AC1ECE924BF4D3A002867ED /* Products */,
			);
			sourceTree = "<group>";
		};
		7AC1ECE924BF4D3A002867ED /* Products */ = {
			isa = PBXGroup;
			children = (
				7AC1ECE824BF4D3A002867ED /* ZKRichTextEditorExample.app */,
				7AC1ED0324BF4D3B002867ED /* ZKRichTextEditorExampleTests.xctest */,
				7AC1ED0E24BF4D3B002867ED /* ZKRichTextEditorExampleUITests.xctest */,
			);
			name = Products;
			sourceTree = "<group>";
		};
		7AC1ECEA24BF4D3A002867ED /* ZKRichTextEditorExample */ = {
			isa = PBXGroup;
			children = (
				7AC1ECEB24BF4D3A002867ED /* AppDelegate.h */,
				7AC1ECEC24BF4D3A002867ED /* AppDelegate.m */,
				7AC1ECF124BF4D3A002867ED /* ViewController.h */,
				7AC1ECF224BF4D3A002867ED /* ViewController.m */,
				7AC1ED2024BF4D82002867ED /* ZKBinder */,
				7AC1ED4B24BF78D8002867ED /* ZKRichTextEditor */,
				7AC1ECF424BF4D3A002867ED /* Main.storyboard */,
				7AC1ECF724BF4D3B002867ED /* Assets.xcassets */,
				7AC1ECF924BF4D3B002867ED /* LaunchScreen.storyboard */,
				7AC1ECFC24BF4D3B002867ED /* Info.plist */,
				7AC1ECFD24BF4D3B002867ED /* main.m */,
			);
			path = ZKRichTextEditorExample;
			sourceTree = "<group>";
		};
		7AC1ED0624BF4D3B002867ED /* ZKRichTextEditorExampleTests */ = {
			isa = PBXGroup;
			children = (
				7AC1ED0724BF4D3B002867ED /* ZKRichTextEditorExampleTests.m */,
				7AC1ED0924BF4D3B002867ED /* Info.plist */,
			);
			path = ZKRichTextEditorExampleTests;
			sourceTree = "<group>";
		};
		7AC1ED1124BF4D3B002867ED /* ZKRichTextEditorExampleUITests */ = {
			isa = PBXGroup;
			children = (
				7AC1ED1224BF4D3B002867ED /* ZKRichTextEditorExampleUITests.m */,
				7AC1ED1424BF4D3B002867ED /* Info.plist */,
			);
			path = ZKRichTextEditorExampleUITests;
			sourceTree = "<group>";
		};
		7AC1ED2024BF4D82002867ED /* ZKBinder */ = {
			isa = PBXGroup;
			children = (
				7AC1ED2124BF4D94002867ED /* ZKBinder.h */,
				7AC1ED3924BF72E6002867ED /* Core */,
				7AC1ED3A24BF72FD002867ED /* Support */,
			);
			path = ZKBinder;
			sourceTree = "<group>";
		};
		7AC1ED3924BF72E6002867ED /* Core */ = {
			isa = PBXGroup;
			children = (
				7AC1ED2624BF50A1002867ED /* ZKSignal.h */,
				7AC1ED2724BF50A1002867ED /* ZKSignal.m */,
				7AC1ED2924BF50BF002867ED /* ZKMacros.h */,
				7AC1ED3624BF61F2002867ED /* ZKBindProxy.h */,
				7AC1ED3724BF61F2002867ED /* ZKBindProxy.m */,
				7AC1ED3024BF6105002867ED /* ZKBindCenter.h */,
				7AC1ED3124BF6105002867ED /* ZKBindCenter.m */,
				7AC1ED2A24BF50F3002867ED /* ZKObserveCenter.h */,
				7AC1ED2B24BF50F3002867ED /* ZKObserveCenter.m */,
				7AC1ED2D24BF5FEB002867ED /* NSObject+ZKSending.h */,
				7AC1ED2E24BF5FEB002867ED /* NSObject+ZKSending.m */,
				7AC1ED2324BF4F38002867ED /* NSObject+ZKSwizzling.h */,
				7AC1ED2424BF4F38002867ED /* NSObject+ZKSwizzling.m */,
			);
			path = Core;
			sourceTree = "<group>";
		};
		7AC1ED3A24BF72FD002867ED /* Support */ = {
			isa = PBXGroup;
			children = (
				7AC1ED3B24BF7323002867ED /* UIControl+ZKSignal.h */,
				7AC1ED3C24BF7323002867ED /* UIControl+ZKSignal.m */,
				7AC1ED4124BF73B0002867ED /* UIButton+ZKSignal.h */,
				7AC1ED4224BF73B0002867ED /* UIButton+ZKSignal.m */,
				7AC1ED4424BF7400002867ED /* UITextField+ZKSignal.h */,
				7AC1ED4524BF7401002867ED /* UITextField+ZKSignal.m */,
				7AC1ED4724BF7465002867ED /* UIRefreshControl+ZKSignal.h */,
				7AC1ED4824BF7465002867ED /* UIRefreshControl+ZKSignal.m */,
			);
			path = Support;
			sourceTree = "<group>";
		};
		7AC1ED4B24BF78D8002867ED /* ZKRichTextEditor */ = {
			isa = PBXGroup;
			children = (
				7AC1ED4C24BF7901002867ED /* ZKRichTextEditor.h */,
				7A3F1D1824EBD803003E5780 /* Configuration */,
				7A3F1D1724EBD7CB003E5780 /* Manager */,
				7A3F1D1624EBD784003E5780 /* Controller */,
				7AA3652F24C4A321001C188B /* Cell */,
				7A9D115724EBC4110041C47E /* Model */,
				7AA3652B24C4A09A001C188B /* Node */,
				7AEA2E3924C381DB00383BE4 /* Util */,
				7AEA2E3824C381C700383BE4 /* InputView */,
			);
			path = ZKRichTextEditor;
			sourceTree = "<group>";
		};
		7AEA2E3824C381C700383BE4 /* InputView */ = {
			isa = PBXGroup;
			children = (
				7AC1ED4D24BF7994002867ED /* ZKTextView.h */,
				7AC1ED4E24BF7994002867ED /* ZKTextView.m */,
			);
			path = InputView;
			sourceTree = "<group>";
		};
		7AEA2E3924C381DB00383BE4 /* Util */ = {
			isa = PBXGroup;
			children = (
				7AA3654224C4A930001C188B /* ZKRichTextHelper.h */,
				7AA3654324C4A930001C188B /* ZKRichTextHelper.m */,
				7A439C7024C372FA005E8FD0 /* ZKRichTextDefines.h */,
				7A9C86FC24C5917D0066C229 /* UITableView+ZKUpdates.h */,
				7A9C86FD24C5917D0066C229 /* UITableView+ZKUpdates.m */,
			);
			path = Util;
			sourceTree = "<group>";
		};
/* End PBXGroup section */

/* Begin PBXNativeTarget section */
		7AC1ECE724BF4D3A002867ED /* ZKRichTextEditorExample */ = {
			isa = PBXNativeTarget;
			buildConfigurationList = 7AC1ED1724BF4D3B002867ED /* Build configuration list for PBXNativeTarget "ZKRichTextEditorExample" */;
			buildPhases = (
				7AC1ECE424BF4D3A002867ED /* Sources */,
				7AC1ECE524BF4D3A002867ED /* Frameworks */,
				7AC1ECE624BF4D3A002867ED /* Resources */,
			);
			buildRules = (
			);
			dependencies = (
			);
			name = ZKRichTextEditorExample;
			productName = ZKRichTextEditorExample;
			productReference = 7AC1ECE824BF4D3A002867ED /* ZKRichTextEditorExample.app */;
			productType = "com.apple.product-type.application";
		};
		7AC1ED0224BF4D3B002867ED /* ZKRichTextEditorExampleTests */ = {
			isa = PBXNativeTarget;
			buildConfigurationList = 7AC1ED1A24BF4D3B002867ED /* Build configuration list for PBXNativeTarget "ZKRichTextEditorExampleTests" */;
			buildPhases = (
				7AC1ECFF24BF4D3B002867ED /* Sources */,
				7AC1ED0024BF4D3B002867ED /* Frameworks */,
				7AC1ED0124BF4D3B002867ED /* Resources */,
			);
			buildRules = (
			);
			dependencies = (
				7AC1ED0524BF4D3B002867ED /* PBXTargetDependency */,
			);
			name = ZKRichTextEditorExampleTests;
			productName = ZKRichTextEditorExampleTests;
			productReference = 7AC1ED0324BF4D3B002867ED /* ZKRichTextEditorExampleTests.xctest */;
			productType = "com.apple.product-type.bundle.unit-test";
		};
		7AC1ED0D24BF4D3B002867ED /* ZKRichTextEditorExampleUITests */ = {
			isa = PBXNativeTarget;
			buildConfigurationList = 7AC1ED1D24BF4D3B002867ED /* Build configuration list for PBXNativeTarget "ZKRichTextEditorExampleUITests" */;
			buildPhases = (
				7AC1ED0A24BF4D3B002867ED /* Sources */,
				7AC1ED0B24BF4D3B002867ED /* Frameworks */,
				7AC1ED0C24BF4D3B002867ED /* Resources */,
			);
			buildRules = (
			);
			dependencies = (
				7AC1ED1024BF4D3B002867ED /* PBXTargetDependency */,
			);
			name = ZKRichTextEditorExampleUITests;
			productName = ZKRichTextEditorExampleUITests;
			productReference = 7AC1ED0E24BF4D3B002867ED /* ZKRichTextEditorExampleUITests.xctest */;
			productType = "com.apple.product-type.bundle.ui-testing";
		};
/* End PBXNativeTarget section */

/* Begin PBXProject section */
		7AC1ECE024BF4D3A002867ED /* Project object */ = {
			isa = PBXProject;
			attributes = {
				LastUpgradeCheck = 1150;
				ORGANIZATIONNAME = bestdew;
				TargetAttributes = {
					7AC1ECE724BF4D3A002867ED = {
						CreatedOnToolsVersion = 11.5;
					};
					7AC1ED0224BF4D3B002867ED = {
						CreatedOnToolsVersion = 11.5;
						TestTargetID = 7AC1ECE724BF4D3A002867ED;
					};
					7AC1ED0D24BF4D3B002867ED = {
						CreatedOnToolsVersion = 11.5;
						TestTargetID = 7AC1ECE724BF4D3A002867ED;
					};
				};
			};
			buildConfigurationList = 7AC1ECE324BF4D3A002867ED /* Build configuration list for PBXProject "ZKRichTextEditorExample" */;
			compatibilityVersion = "Xcode 9.3";
			developmentRegion = en;
			hasScannedForEncodings = 0;
			knownRegions = (
				en,
				Base,
			);
			mainGroup = 7AC1ECDF24BF4D3A002867ED;
			productRefGroup = 7AC1ECE924BF4D3A002867ED /* Products */;
			projectDirPath = "";
			projectRoot = "";
			targets = (
				7AC1ECE724BF4D3A002867ED /* ZKRichTextEditorExample */,
				7AC1ED0224BF4D3B002867ED /* ZKRichTextEditorExampleTests */,
				7AC1ED0D24BF4D3B002867ED /* ZKRichTextEditorExampleUITests */,
			);
		};
/* End PBXProject section */

/* Begin PBXResourcesBuildPhase section */
		7AC1ECE624BF4D3A002867ED /* Resources */ = {
			isa = PBXResourcesBuildPhase;
			buildActionMask = 2147483647;
			files = (
				7AC1ECFB24BF4D3B002867ED /* LaunchScreen.storyboard in Resources */,
				7AC1ECF824BF4D3B002867ED /* Assets.xcassets in Resources */,
				7AC1ECF624BF4D3A002867ED /* Main.storyboard in Resources */,
			);
			runOnlyForDeploymentPostprocessing = 0;
		};
		7AC1ED0124BF4D3B002867ED /* Resources */ = {
			isa = PBXResourcesBuildPhase;
			buildActionMask = 2147483647;
			files = (
			);
			runOnlyForDeploymentPostprocessing = 0;
		};
		7AC1ED0C24BF4D3B002867ED /* Resources */ = {
			isa = PBXResourcesBuildPhase;
			buildActionMask = 2147483647;
			files = (
			);
			runOnlyForDeploymentPostprocessing = 0;
		};
/* End PBXResourcesBuildPhase section */

/* Begin PBXSourcesBuildPhase section */
		7AC1ECE424BF4D3A002867ED /* Sources */ = {
			isa = PBXSourcesBuildPhase;
			buildActionMask = 2147483647;
			files = (
				7AC1ED4F24BF7994002867ED /* ZKTextView.m in Sources */,
				7A3F1D1524EBCE91003E5780 /* ZKRichTextVideoModel.m in Sources */,
				7AA3654424C4A930001C188B /* ZKRichTextHelper.m in Sources */,
				7A3F1D0F24EBCE6B003E5780 /* ZKRichTextTextModel.m in Sources */,
				7AA3653824C4A3EE001C188B /* ZKRichTextNode.m in Sources */,
				7AC1ECF324BF4D3A002867ED /* ViewController.m in Sources */,
				7AC1ED2F24BF5FEB002867ED /* NSObject+ZKSending.m in Sources */,
				7A3F1D1E24EBD87A003E5780 /* ZKRichTextEditorConfiguration.m in Sources */,
				7A9C86FE24C5917D0066C229 /* UITableView+ZKUpdates.m in Sources */,
				7A3F1D2124EBD894003E5780 /* ZKRichTextContentManager.m in Sources */,
				7AC1ED2C24BF50F3002867ED /* ZKObserveCenter.m in Sources */,
				7AA3654124C4A628001C188B /* ZKRichTextVideoNode.m in Sources */,
				7AC1ED3824BF61F2002867ED /* ZKBindProxy.m in Sources */,
				7AC1ED4324BF73B0002867ED /* UIButton+ZKSignal.m in Sources */,
				7AA3653E24C4A61C001C188B /* ZKRichTextImageNode.m in Sources */,
				7AC1ECED24BF4D3A002867ED /* AppDelegate.m in Sources */,
				7AC1ED3224BF6105002867ED /* ZKBindCenter.m in Sources */,
				7AA3653B24C4A60C001C188B /* ZKRichTextTextNode.m in Sources */,
				7AC1ED3D24BF7323002867ED /* UIControl+ZKSignal.m in Sources */,
				7AC1ED2524BF4F38002867ED /* NSObject+ZKSwizzling.m in Sources */,
				7AC1ED2824BF50A1002867ED /* ZKSignal.m in Sources */,
				7AA3653224C4A39B001C188B /* ZKRichTextCell.m in Sources */,
				7A3F1D1224EBCE81003E5780 /* ZKRichTextImageModel.m in Sources */,
				7AC1ED4624BF7401002867ED /* UITextField+ZKSignal.m in Sources */,
				7AC1ED4924BF7465002867ED /* UIRefreshControl+ZKSignal.m in Sources */,
				7AC1ECFE24BF4D3B002867ED /* main.m in Sources */,
			);
			runOnlyForDeploymentPostprocessing = 0;
		};
		7AC1ECFF24BF4D3B002867ED /* Sources */ = {
			isa = PBXSourcesBuildPhase;
			buildActionMask = 2147483647;
			files = (
				7AC1ED0824BF4D3B002867ED /* ZKRichTextEditorExampleTests.m in Sources */,
			);
			runOnlyForDeploymentPostprocessing = 0;
		};
		7AC1ED0A24BF4D3B002867ED /* Sources */ = {
			isa = PBXSourcesBuildPhase;
			buildActionMask = 2147483647;
			files = (
				7AC1ED1324BF4D3B002867ED /* ZKRichTextEditorExampleUITests.m in Sources */,
			);
			runOnlyForDeploymentPostprocessing = 0;
		};
/* End PBXSourcesBuildPhase section */

/* Begin PBXTargetDependency section */
		7AC1ED0524BF4D3B002867ED /* PBXTargetDependency */ = {
			isa = PBXTargetDependency;
			target = 7AC1ECE724BF4D3A002867ED /* ZKRichTextEditorExample */;
			targetProxy = 7AC1ED0424BF4D3B002867ED /* PBXContainerItemProxy */;
		};
		7AC1ED1024BF4D3B002867ED /* PBXTargetDependency */ = {
			isa = PBXTargetDependency;
			target = 7AC1ECE724BF4D3A002867ED /* ZKRichTextEditorExample */;
			targetProxy = 7AC1ED0F24BF4D3B002867ED /* PBXContainerItemProxy */;
		};
/* End PBXTargetDependency section */

/* Begin PBXVariantGroup section */
		7AC1ECF424BF4D3A002867ED /* Main.storyboard */ = {
			isa = PBXVariantGroup;
			children = (
				7AC1ECF524BF4D3A002867ED /* Base */,
			);
			name = Main.storyboard;
			sourceTree = "<group>";
		};
		7AC1ECF924BF4D3B002867ED /* LaunchScreen.storyboard */ = {
			isa = PBXVariantGroup;
			children = (
				7AC1ECFA24BF4D3B002867ED /* Base */,
			);
			name = LaunchScreen.storyboard;
			sourceTree = "<group>";
		};
/* End PBXVariantGroup section */

/* Begin XCBuildConfiguration section */
		7AC1ED1524BF4D3B002867ED /* Debug */ = {
			isa = XCBuildConfiguration;
			buildSettings = {
				ALWAYS_SEARCH_USER_PATHS = NO;
				CLANG_ANALYZER_NONNULL = YES;
				CLANG_ANALYZER_NUMBER_OBJECT_CONVERSION = YES_AGGRESSIVE;
				CLANG_CXX_LANGUAGE_STANDARD = "gnu++14";
				CLANG_CXX_LIBRARY = "libc++";
				CLANG_ENABLE_MODULES = YES;
				CLANG_ENABLE_OBJC_ARC = YES;
				CLANG_ENABLE_OBJC_WEAK = YES;
				CLANG_WARN_BLOCK_CAPTURE_AUTORELEASING = YES;
				CLANG_WARN_BOOL_CONVERSION = YES;
				CLANG_WARN_COMMA = YES;
				CLANG_WARN_CONSTANT_CONVERSION = YES;
				CLANG_WARN_DEPRECATED_OBJC_IMPLEMENTATIONS = YES;
				CLANG_WARN_DIRECT_OBJC_ISA_USAGE = YES_ERROR;
				CLANG_WARN_DOCUMENTATION_COMMENTS = YES;
				CLANG_WARN_EMPTY_BODY = YES;
				CLANG_WARN_ENUM_CONVERSION = YES;
				CLANG_WARN_INFINITE_RECURSION = YES;
				CLANG_WARN_INT_CONVERSION = YES;
				CLANG_WARN_NON_LITERAL_NULL_CONVERSION = YES;
				CLANG_WARN_OBJC_IMPLICIT_RETAIN_SELF = YES;
				CLANG_WARN_OBJC_LITERAL_CONVERSION = YES;
				CLANG_WARN_OBJC_ROOT_CLASS = YES_ERROR;
				CLANG_WARN_RANGE_LOOP_ANALYSIS = YES;
				CLANG_WARN_STRICT_PROTOTYPES = YES;
				CLANG_WARN_SUSPICIOUS_MOVE = YES;
				CLANG_WARN_UNGUARDED_AVAILABILITY = YES_AGGRESSIVE;
				CLANG_WARN_UNREACHABLE_CODE = YES;
				CLANG_WARN__DUPLICATE_METHOD_MATCH = YES;
				COPY_PHASE_STRIP = NO;
				DEBUG_INFORMATION_FORMAT = dwarf;
				ENABLE_STRICT_OBJC_MSGSEND = YES;
				ENABLE_TESTABILITY = YES;
				GCC_C_LANGUAGE_STANDARD = gnu11;
				GCC_DYNAMIC_NO_PIC = NO;
				GCC_NO_COMMON_BLOCKS = YES;
				GCC_OPTIMIZATION_LEVEL = 0;
				GCC_PREPROCESSOR_DEFINITIONS = (
					"DEBUG=1",
					"$(inherited)",
				);
				GCC_WARN_64_TO_32_BIT_CONVERSION = YES;
				GCC_WARN_ABOUT_RETURN_TYPE = YES_ERROR;
				GCC_WARN_UNDECLARED_SELECTOR = YES;
				GCC_WARN_UNINITIALIZED_AUTOS = YES_AGGRESSIVE;
				GCC_WARN_UNUSED_FUNCTION = YES;
				GCC_WARN_UNUSED_VARIABLE = YES;
				IPHONEOS_DEPLOYMENT_TARGET = 13.5;
				MTL_ENABLE_DEBUG_INFO = INCLUDE_SOURCE;
				MTL_FAST_MATH = YES;
				ONLY_ACTIVE_ARCH = YES;
				SDKROOT = iphoneos;
			};
			name = Debug;
		};
		7AC1ED1624BF4D3B002867ED /* Release */ = {
			isa = XCBuildConfiguration;
			buildSettings = {
				ALWAYS_SEARCH_USER_PATHS = NO;
				CLANG_ANALYZER_NONNULL = YES;
				CLANG_ANALYZER_NUMBER_OBJECT_CONVERSION = YES_AGGRESSIVE;
				CLANG_CXX_LANGUAGE_STANDARD = "gnu++14";
				CLANG_CXX_LIBRARY = "libc++";
				CLANG_ENABLE_MODULES = YES;
				CLANG_ENABLE_OBJC_ARC = YES;
				CLANG_ENABLE_OBJC_WEAK = YES;
				CLANG_WARN_BLOCK_CAPTURE_AUTORELEASING = YES;
				CLANG_WARN_BOOL_CONVERSION = YES;
				CLANG_WARN_COMMA = YES;
				CLANG_WARN_CONSTANT_CONVERSION = YES;
				CLANG_WARN_DEPRECATED_OBJC_IMPLEMENTATIONS = YES;
				CLANG_WARN_DIRECT_OBJC_ISA_USAGE = YES_ERROR;
				CLANG_WARN_DOCUMENTATION_COMMENTS = YES;
				CLANG_WARN_EMPTY_BODY = YES;
				CLANG_WARN_ENUM_CONVERSION = YES;
				CLANG_WARN_INFINITE_RECURSION = YES;
				CLANG_WARN_INT_CONVERSION = YES;
				CLANG_WARN_NON_LITERAL_NULL_CONVERSION = YES;
				CLANG_WARN_OBJC_IMPLICIT_RETAIN_SELF = YES;
				CLANG_WARN_OBJC_LITERAL_CONVERSION = YES;
				CLANG_WARN_OBJC_ROOT_CLASS = YES_ERROR;
				CLANG_WARN_RANGE_LOOP_ANALYSIS = YES;
				CLANG_WARN_STRICT_PROTOTYPES = YES;
				CLANG_WARN_SUSPICIOUS_MOVE = YES;
				CLANG_WARN_UNGUARDED_AVAILABILITY = YES_AGGRESSIVE;
				CLANG_WARN_UNREACHABLE_CODE = YES;
				CLANG_WARN__DUPLICATE_METHOD_MATCH = YES;
				COPY_PHASE_STRIP = NO;
				DEBUG_INFORMATION_FORMAT = "dwarf-with-dsym";
				ENABLE_NS_ASSERTIONS = NO;
				ENABLE_STRICT_OBJC_MSGSEND = YES;
				GCC_C_LANGUAGE_STANDARD = gnu11;
				GCC_NO_COMMON_BLOCKS = YES;
				GCC_WARN_64_TO_32_BIT_CONVERSION = YES;
				GCC_WARN_ABOUT_RETURN_TYPE = YES_ERROR;
				GCC_WARN_UNDECLARED_SELECTOR = YES;
				GCC_WARN_UNINITIALIZED_AUTOS = YES_AGGRESSIVE;
				GCC_WARN_UNUSED_FUNCTION = YES;
				GCC_WARN_UNUSED_VARIABLE = YES;
				IPHONEOS_DEPLOYMENT_TARGET = 13.5;
				MTL_ENABLE_DEBUG_INFO = NO;
				MTL_FAST_MATH = YES;
				SDKROOT = iphoneos;
				VALIDATE_PRODUCT = YES;
			};
			name = Release;
		};
		7AC1ED1824BF4D3B002867ED /* Debug */ = {
			isa = XCBuildConfiguration;
			buildSettings = {
				ASSETCATALOG_COMPILER_APPICON_NAME = AppIcon;
				CODE_SIGN_STYLE = Automatic;
				ENABLE_STRICT_OBJC_MSGSEND = NO;
				INFOPLIST_FILE = ZKRichTextEditorExample/Info.plist;
				LD_RUNPATH_SEARCH_PATHS = (
					"$(inherited)",
					"@executable_path/Frameworks",
				);
				PRODUCT_BUNDLE_IDENTIFIER = com.bestdew.ZKRichTextEditorExample;
				PRODUCT_NAME = "$(TARGET_NAME)";
				TARGETED_DEVICE_FAMILY = 1;
			};
			name = Debug;
		};
		7AC1ED1924BF4D3B002867ED /* Release */ = {
			isa = XCBuildConfiguration;
			buildSettings = {
				ASSETCATALOG_COMPILER_APPICON_NAME = AppIcon;
				CODE_SIGN_STYLE = Automatic;
				ENABLE_STRICT_OBJC_MSGSEND = NO;
				INFOPLIST_FILE = ZKRichTextEditorExample/Info.plist;
				LD_RUNPATH_SEARCH_PATHS = (
					"$(inherited)",
					"@executable_path/Frameworks",
				);
				PRODUCT_BUNDLE_IDENTIFIER = com.bestdew.ZKRichTextEditorExample;
				PRODUCT_NAME = "$(TARGET_NAME)";
				TARGETED_DEVICE_FAMILY = 1;
			};
			name = Release;
		};
		7AC1ED1B24BF4D3B002867ED /* Debug */ = {
			isa = XCBuildConfiguration;
			buildSettings = {
				BUNDLE_LOADER = "$(TEST_HOST)";
				CODE_SIGN_STYLE = Automatic;
				INFOPLIST_FILE = ZKRichTextEditorExampleTests/Info.plist;
				IPHONEOS_DEPLOYMENT_TARGET = 13.5;
				LD_RUNPATH_SEARCH_PATHS = (
					"$(inherited)",
					"@executable_path/Frameworks",
					"@loader_path/Frameworks",
				);
				PRODUCT_BUNDLE_IDENTIFIER = com.bestdew.ZKRichTextEditorExampleTests;
				PRODUCT_NAME = "$(TARGET_NAME)";
				TARGETED_DEVICE_FAMILY = "1,2";
				TEST_HOST = "$(BUILT_PRODUCTS_DIR)/ZKRichTextEditorExample.app/ZKRichTextEditorExample";
			};
			name = Debug;
		};
		7AC1ED1C24BF4D3B002867ED /* Release */ = {
			isa = XCBuildConfiguration;
			buildSettings = {
				BUNDLE_LOADER = "$(TEST_HOST)";
				CODE_SIGN_STYLE = Automatic;
				INFOPLIST_FILE = ZKRichTextEditorExampleTests/Info.plist;
				IPHONEOS_DEPLOYMENT_TARGET = 13.5;
				LD_RUNPATH_SEARCH_PATHS = (
					"$(inherited)",
					"@executable_path/Frameworks",
					"@loader_path/Frameworks",
				);
				PRODUCT_BUNDLE_IDENTIFIER = com.bestdew.ZKRichTextEditorExampleTests;
				PRODUCT_NAME = "$(TARGET_NAME)";
				TARGETED_DEVICE_FAMILY = "1,2";
				TEST_HOST = "$(BUILT_PRODUCTS_DIR)/ZKRichTextEditorExample.app/ZKRichTextEditorExample";
			};
			name = Release;
		};
		7AC1ED1E24BF4D3B002867ED /* Debug */ = {
			isa = XCBuildConfiguration;
			buildSettings = {
				CODE_SIGN_STYLE = Automatic;
				INFOPLIST_FILE = ZKRichTextEditorExampleUITests/Info.plist;
				LD_RUNPATH_SEARCH_PATHS = (
					"$(inherited)",
					"@executable_path/Frameworks",
					"@loader_path/Frameworks",
				);
				PRODUCT_BUNDLE_IDENTIFIER = com.bestdew.ZKRichTextEditorExampleUITests;
				PRODUCT_NAME = "$(TARGET_NAME)";
				TARGETED_DEVICE_FAMILY = "1,2";
				TEST_TARGET_NAME = ZKRichTextEditorExample;
			};
			name = Debug;
		};
		7AC1ED1F24BF4D3B002867ED /* Release */ = {
			isa = XCBuildConfiguration;
			buildSettings = {
				CODE_SIGN_STYLE = Automatic;
				INFOPLIST_FILE = ZKRichTextEditorExampleUITests/Info.plist;
				LD_RUNPATH_SEARCH_PATHS = (
					"$(inherited)",
					"@executable_path/Frameworks",
					"@loader_path/Frameworks",
				);
				PRODUCT_BUNDLE_IDENTIFIER = com.bestdew.ZKRichTextEditorExampleUITests;
				PRODUCT_NAME = "$(TARGET_NAME)";
				TARGETED_DEVICE_FAMILY = "1,2";
				TEST_TARGET_NAME = ZKRichTextEditorExample;
			};
			name = Release;
		};
/* End XCBuildConfiguration section */

/* Begin XCConfigurationList section */
		7AC1ECE324BF4D3A002867ED /* Build configuration list for PBXProject "ZKRichTextEditorExample" */ = {
			isa = XCConfigurationList;
			buildConfigurations = (
				7AC1ED1524BF4D3B002867ED /* Debug */,
				7AC1ED1624BF4D3B002867ED /* Release */,
			);
			defaultConfigurationIsVisible = 0;
			defaultConfigurationName = Release;
		};
		7AC1ED1724BF4D3B002867ED /* Build configuration list for PBXNativeTarget "ZKRichTextEditorExample" */ = {
			isa = XCConfigurationList;
			buildConfigurations = (
				7AC1ED1824BF4D3B002867ED /* Debug */,
				7AC1ED1924BF4D3B002867ED /* Release */,
			);
			defaultConfigurationIsVisible = 0;
			defaultConfigurationName = Release;
		};
		7AC1ED1A24BF4D3B002867ED /* Build configuration list for PBXNativeTarget "ZKRichTextEditorExampleTests" */ = {
			isa = XCConfigurationList;
			buildConfigurations = (
				7AC1ED1B24BF4D3B002867ED /* Debug */,
				7AC1ED1C24BF4D3B002867ED /* Release */,
			);
			defaultConfigurationIsVisible = 0;
			defaultConfigurationName = Release;
		};
		7AC1ED1D24BF4D3B002867ED /* Build configuration list for PBXNativeTarget "ZKRichTextEditorExampleUITests" */ = {
			isa = XCConfigurationList;
			buildConfigurations = (
				7AC1ED1E24BF4D3B002867ED /* Debug */,
				7AC1ED1F24BF4D3B002867ED /* Release */,
			);
			defaultConfigurationIsVisible = 0;
			defaultConfigurationName = Release;
		};
/* End XCConfigurationList section */
	};
	rootObject = 7AC1ECE024BF4D3A002867ED /* Project object */;
}
